
Microsoft Visual Studio Solution File, Format Version 12.00
# Visual Studio 15
VisualStudioVersion = 15.0.28307.705
MinimumVisualStudioVersion = 10.0.40219.1
Project("{FAE04EC0-301F-11D3-BF4B-00C04F79EFBC}") = "taller4.3", "taller4.3\taller4.3.csproj", "{BA49849F-89DA-4F5F-A884-C4A595042A4F}"
EndProject
Global
	GlobalSection(SolutionConfigurationPlatforms) = preSolution
		Debug|Any CPU = Debug|Any CPU
		Release|Any CPU = Release|Any CPU
	EndGlobalSection
	GlobalSection(ProjectConfigurationPlatforms) = postSolution
		{BA49849F-89DA-4F5F-A884-C4A595042A4F}.Debug|Any CPU.ActiveCfg = Debug|Any CPU
		{BA49849F-89DA-4F5F-A884-C4A595042A4F}.Debug|Any CPU.Build.0 = Debug|Any CPU
		{BA49849F-89DA-4F5F-A884-C4A595042A4F}.Release|Any CPU.ActiveCfg = Release|Any CPU
		{BA49849F-89DA-4F5F-A884-C4A595042A4F}.Release|Any CPU.Build.0 = Release|Any CPU
	EndGlobalSection
	GlobalSection(SolutionProperties) = preSolution
		HideSolutionNode = FALSE
	EndGlobalSection
	GlobalSection(ExtensibilityGlobals) = postSolution
		SolutionGuid = {5FBE3EF0-8F63-4DB0-88D0-1C171B4F2FE9}
	EndGlobalSection
EndGlobal
